
Microsoft Visual Studio Solution File, Format Version 12.00
# Visual Studio Version 16
VisualStudioVersion = 16.0.29613.14
MinimumVisualStudioVersion = 10.0.40219.1
Project("{FAE04EC0-301F-11D3-BF4B-00C04F79EFBC}") = "花騎士ツール_NEO", "花騎士ツール＿NEO\花騎士ツール_NEO.csproj", "{82B45643-8284-420C-BC25-2AAC2726358E}"
EndProject
Project("{9092AA53-FB77-4645-B42D-1CCCA6BD08BD}") = "fkg_scraping", "fkg_screeping\fkg_scraping.njsproj", "{F660C379-85F2-44E7-8B62-65198BFA6B9A}"
EndProject
Global
	GlobalSection(SolutionConfigurationPlatforms) = preSolution
		Debug|Any CPU = Debug|Any CPU
		Release|Any CPU = Release|Any CPU
	EndGlobalSection
	GlobalSection(ProjectConfigurationPlatforms) = postSolution
		{82B45643-8284-420C-BC25-2AAC2726358E}.Debug|Any CPU.ActiveCfg = Debug|Any CPU
		{82B45643-8284-420C-BC25-2AAC2726358E}.Debug|Any CPU.Build.0 = Debug|Any CPU
		{82B45643-8284-420C-BC25-2AAC2726358E}.Release|Any CPU.ActiveCfg = Release|Any CPU
		{82B45643-8284-420C-BC25-2AAC2726358E}.Release|Any CPU.Build.0 = Release|Any CPU
		{F660C379-85F2-44E7-8B62-65198BFA6B9A}.Debug|Any CPU.ActiveCfg = Debug|Any CPU
		{F660C379-85F2-44E7-8B62-65198BFA6B9A}.Debug|Any CPU.Build.0 = Debug|Any CPU
		{F660C379-85F2-44E7-8B62-65198BFA6B9A}.Release|Any CPU.ActiveCfg = Release|Any CPU
		{F660C379-85F2-44E7-8B62-65198BFA6B9A}.Release|Any CPU.Build.0 = Release|Any CPU
	EndGlobalSection
	GlobalSection(SolutionProperties) = preSolution
		HideSolutionNode = FALSE
	EndGlobalSection
	GlobalSection(ExtensibilityGlobals) = postSolution
		SolutionGuid = {43ABAF0D-FE2C-4F0D-ADE7-63C0AFC8774C}
	EndGlobalSection
EndGlobal
